// !$*UTF8*$!
{
	archiveVersion = 1;
	classes = {
	};
	objectVersion = 56;
	objects = {

/* Begin PBXBuildFile section */
		F0860B472B21EBA10023FA0E /* AppDelegate.m in Sources */ = {isa = PBXBuildFile; fileRef = F0860B462B21EBA10023FA0E /* AppDelegate.m */; };
		F0860B4A2B21EBA10023FA0E /* SceneDelegate.m in Sources */ = {isa = PBXBuildFile; fileRef = F0860B492B21EBA10023FA0E /* SceneDelegate.m */; };
		F0860B4D2B21EBA10023FA0E /* ViewController.m in Sources */ = {isa = PBXBuildFile; fileRef = F0860B4C2B21EBA10023FA0E /* ViewController.m */; };
		F0860B502B21EBA10023FA0E /* Main.storyboard in Resources */ = {isa = PBXBuildFile; fileRef = F0860B4E2B21EBA10023FA0E /* Main.storyboard */; };
		F0860B522B21EBA20023FA0E /* Assets.xcassets in Resources */ = {isa = PBXBuildFile; fileRef = F0860B512B21EBA20023FA0E /* Assets.xcassets */; };
		F0860B552B21EBA20023FA0E /* LaunchScreen.storyboard in Resources */ = {isa = PBXBuildFile; fileRef = F0860B532B21EBA20023FA0E /* LaunchScreen.storyboard */; };
		F0860B582B21EBA20023FA0E /* main.m in Sources */ = {isa = PBXBuildFile; fileRef = F0860B572B21EBA20023FA0E /* main.m */; };
		F0860B612B21EBEE0023FA0E /* UIViewController+Common.m in Sources */ = {isa = PBXBuildFile; fileRef = F0860B602B21EBEE0023FA0E /* UIViewController+Common.m */; };
		F0860B642B21EEFB0023FA0E /* BSBacktraceLogger.m in Sources */ = {isa = PBXBuildFile; fileRef = F0860B622B21EEFB0023FA0E /* BSBacktraceLogger.m */; };
		F0860B672B21F0170023FA0E /* ZRMonitor.m in Sources */ = {isa = PBXBuildFile; fileRef = F0860B662B21F0170023FA0E /* ZRMonitor.m */; };
/* End PBXBuildFile section */

/* Begin PBXFileReference section */
		F0860B422B21EBA10023FA0E /* ZRMonitorMethodTime.app */ = {isa = PBXFileReference; explicitFileType = wrapper.application; includeInIndex = 0; path = ZRMonitorMethodTime.app; sourceTree = BUILT_PRODUCTS_DIR; };
		F0860B452B21EBA10023FA0E /* AppDelegate.h */ = {isa = PBXFileReference; lastKnownFileType = sourcecode.c.h; path = AppDelegate.h; sourceTree = "<group>"; };
		F0860B462B21EBA10023FA0E /* AppDelegate.m */ = {isa = PBXFileReference; lastKnownFileType = sourcecode.c.objc; path = AppDelegate.m; sourceTree = "<group>"; };
		F0860B482B21EBA10023FA0E /* SceneDelegate.h */ = {isa = PBXFileReference; lastKnownFileType = sourcecode.c.h; path = SceneDelegate.h; sourceTree = "<group>"; };
		F0860B492B21EBA10023FA0E /* SceneDelegate.m */ = {isa = PBXFileReference; lastKnownFileType = sourcecode.c.objc; path = SceneDelegate.m; sourceTree = "<group>"; };
		F0860B4B2B21EBA10023FA0E /* ViewController.h */ = {isa = PBXFileReference; lastKnownFileType = sourcecode.c.h; path = ViewController.h; sourceTree = "<group>"; };
		F0860B4C2B21EBA10023FA0E /* ViewController.m */ = {isa = PBXFileReference; lastKnownFileType = sourcecode.c.objc; path = ViewController.m; sourceTree = "<group>"; };
		F0860B4F2B21EBA10023FA0E /* Base */ = {isa = PBXFileReference; lastKnownFileType = file.storyboard; name = Base; path = Base.lproj/Main.storyboard; sourceTree = "<group>"; };
		F0860B512B21EBA20023FA0E /* Assets.xcassets */ = {isa = PBXFileReference; lastKnownFileType = folder.assetcatalog; path = Assets.xcassets; sourceTree = "<group>"; };
		F0860B542B21EBA20023FA0E /* Base */ = {isa = PBXFileReference; lastKnownFileType = file.storyboard; name = Base; path = Base.lproj/LaunchScreen.storyboard; sourceTree = "<group>"; };
		F0860B562B21EBA20023FA0E /* Info.plist */ = {isa = PBXFileReference; lastKnownFileType = text.plist.xml; path = Info.plist; sourceTree = "<group>"; };
		F0860B572B21EBA20023FA0E /* main.m */ = {isa = PBXFileReference; lastKnownFileType = sourcecode.c.objc; path = main.m; sourceTree = "<group>"; };
		F0860B5F2B21EBEE0023FA0E /* UIViewController+Common.h */ = {isa = PBXFileReference; lastKnownFileType = sourcecode.c.h; path = "UIViewController+Common.h"; sourceTree = "<group>"; };
		F0860B602B21EBEE0023FA0E /* UIViewController+Common.m */ = {isa = PBXFileReference; lastKnownFileType = sourcecode.c.objc; path = "UIViewController+Common.m"; sourceTree = "<group>"; };
		F0860B622B21EEFB0023FA0E /* BSBacktraceLogger.m */ = {isa = PBXFileReference; fileEncoding = 4; lastKnownFileType = sourcecode.c.objc; path = BSBacktraceLogger.m; sourceTree = "<group>"; };
		F0860B632B21EEFB0023FA0E /* BSBacktraceLogger.h */ = {isa = PBXFileReference; fileEncoding = 4; lastKnownFileType = sourcecode.c.h; path = BSBacktraceLogger.h; sourceTree = "<group>"; };
		F0860B652B21F0170023FA0E /* ZRMonitor.h */ = {isa = PBXFileReference; lastKnownFileType = sourcecode.c.h; path = ZRMonitor.h; sourceTree = "<group>"; };
		F0860B662B21F0170023FA0E /* ZRMonitor.m */ = {isa = PBXFileReference; lastKnownFileType = sourcecode.c.objc; path = ZRMonitor.m; sourceTree = "<group>"; };
/* End PBXFileReference section */

/* Begin PBXFrameworksBuildPhase section */
		F0860B3F2B21EBA10023FA0E /* Frameworks */ = {
			isa = PBXFrameworksBuildPhase;
			buildActionMask = 2147483647;
			files = (
			);
			runOnlyForDeploymentPostprocessing = 0;
		};
/* End PBXFrameworksBuildPhase section */

/* Begin PBXGroup section */
		F0860B392B21EBA10023FA0E = {
			isa = PBXGroup;
			children = (
				F0860B442B21EBA10023FA0E /* ZRMonitorMethodTime */,
				F0860B432B21EBA10023FA0E /* Products */,
			);
			sourceTree = "<group>";
		};
		F0860B432B21EBA10023FA0E /* Products */ = {
			isa = PBXGroup;
			children = (
				F0860B422B21EBA10023FA0E /* ZRMonitorMethodTime.app */,
			);
			name = Products;
			sourceTree = "<group>";
		};
		F0860B442B21EBA10023FA0E /* ZRMonitorMethodTime */ = {
			isa = PBXGroup;
			children = (
				F0860B5E2B21EBC90023FA0E /* ZRMonitor */,
				F0860B452B21EBA10023FA0E /* AppDelegate.h */,
				F0860B462B21EBA10023FA0E /* AppDelegate.m */,
				F0860B482B21EBA10023FA0E /* SceneDelegate.h */,
				F0860B492B21EBA10023FA0E /* SceneDelegate.m */,
				F0860B4B2B21EBA10023FA0E /* ViewController.h */,
				F0860B4C2B21EBA10023FA0E /* ViewController.m */,
				F0860B5F2B21EBEE0023FA0E /* UIViewController+Common.h */,
				F0860B602B21EBEE0023FA0E /* UIViewController+Common.m */,
				F0860B4E2B21EBA10023FA0E /* Main.storyboard */,
				F0860B512B21EBA20023FA0E /* Assets.xcassets */,
				F0860B532B21EBA20023FA0E /* LaunchScreen.storyboard */,
				F0860B562B21EBA20023FA0E /* Info.plist */,
				F0860B572B21EBA20023FA0E /* main.m */,
			);
			path = ZRMonitorMethodTime;
			sourceTree = "<group>";
		};
		F0860B5E2B21EBC90023FA0E /* ZRMonitor */ = {
			isa = PBXGroup;
			children = (
				F0860B632B21EEFB0023FA0E /* BSBacktraceLogger.h */,
				F0860B622B21EEFB0023FA0E /* BSBacktraceLogger.m */,
				F0860B652B21F0170023FA0E /* ZRMonitor.h */,
				F0860B662B21F0170023FA0E /* ZRMonitor.m */,
			);
			path = ZRMonitor;
			sourceTree = "<group>";
		};
/* End PBXGroup section */

/* Begin PBXNativeTarget section */
		F0860B412B21EBA10023FA0E /* ZRMonitorMethodTime */ = {
			isa = PBXNativeTarget;
			buildConfigurationList = F0860B5B2B21EBA20023FA0E /* Build configuration list for PBXNativeTarget "ZRMonitorMethodTime" */;
			buildPhases = (
				F0860B3E2B21EBA10023FA0E /* Sources */,
				F0860B3F2B21EBA10023FA0E /* Frameworks */,
				F0860B402B21EBA10023FA0E /* Resources */,
			);
			buildRules = (
			);
			dependencies = (
			);
			name = ZRMonitorMethodTime;
			productName = ZRMonitorMethodTime;
			productReference = F0860B422B21EBA10023FA0E /* ZRMonitorMethodTime.app */;
			productType = "com.apple.product-type.application";
		};
/* End PBXNativeTarget section */

/* Begin PBXProject section */
		F0860B3A2B21EBA10023FA0E /* Project object */ = {
			isa = PBXProject;
			attributes = {
				BuildIndependentTargetsInParallel = 1;
				LastUpgradeCheck = 1430;
				TargetAttributes = {
					F0860B412B21EBA10023FA0E = {
						CreatedOnToolsVersion = 14.3.1;
					};
				};
			};
			buildConfigurationList = F0860B3D2B21EBA10023FA0E /* Build configuration list for PBXProject "ZRMonitorMethodTime" */;
			compatibilityVersion = "Xcode 14.0";
			developmentRegion = en;
			hasScannedForEncodings = 0;
			knownRegions = (
				en,
				Base,
			);
			mainGroup = F0860B392B21EBA10023FA0E;
			productRefGroup = F0860B432B21EBA10023FA0E /* Products */;
			projectDirPath = "";
			projectRoot = "";
			targets = (
				F0860B412B21EBA10023FA0E /* ZRMonitorMethodTime */,
			);
		};
/* End PBXProject section */

/* Begin PBXResourcesBuildPhase section */
		F0860B402B21EBA10023FA0E /* Resources */ = {
			isa = PBXResourcesBuildPhase;
			buildActionMask = 2147483647;
			files = (
				F0860B552B21EBA20023FA0E /* LaunchScreen.storyboard in Resources */,
				F0860B522B21EBA20023FA0E /* Assets.xcassets in Resources */,
				F0860B502B21EBA10023FA0E /* Main.storyboard in Resources */,
			);
			runOnlyForDeploymentPostprocessing = 0;
		};
/* End PBXResourcesBuildPhase section */

/* Begin PBXSourcesBuildPhase section */
		F0860B3E2B21EBA10023FA0E /* Sources */ = {
			isa = PBXSourcesBuildPhase;
			buildActionMask = 2147483647;
			files = (
				F0860B4D2B21EBA10023FA0E /* ViewController.m in Sources */,
				F0860B472B21EBA10023FA0E /* AppDelegate.m in Sources */,
				F0860B582B21EBA20023FA0E /* main.m in Sources */,
				F0860B672B21F0170023FA0E /* ZRMonitor.m in Sources */,
				F0860B642B21EEFB0023FA0E /* BSBacktraceLogger.m in Sources */,
				F0860B612B21EBEE0023FA0E /* UIViewController+Common.m in Sources */,
				F0860B4A2B21EBA10023FA0E /* SceneDelegate.m in Sources */,
			);
			runOnlyForDeploymentPostprocessing = 0;
		};
/* End PBXSourcesBuildPhase section */

/* Begin PBXVariantGroup section */
		F0860B4E2B21EBA10023FA0E /* Main.storyboard */ = {
			isa = PBXVariantGroup;
			children = (
				F0860B4F2B21EBA10023FA0E /* Base */,
			);
			name = Main.storyboard;
			sourceTree = "<group>";
		};
		F0860B532B21EBA20023FA0E /* LaunchScreen.storyboard */ = {
			isa = PBXVariantGroup;
			children = (
				F0860B542B21EBA20023FA0E /* Base */,
			);
			name = LaunchScreen.storyboard;
			sourceTree = "<group>";
		};
/* End PBXVariantGroup section */

/* Begin XCBuildConfiguration section */
		F0860B592B21EBA20023FA0E /* Debug */ = {
			isa = XCBuildConfiguration;
			buildSettings = {
				ALWAYS_SEARCH_USER_PATHS = NO;
				CLANG_ANALYZER_NONNULL = YES;
				CLANG_ANALYZER_NUMBER_OBJECT_CONVERSION = YES_AGGRESSIVE;
				CLANG_CXX_LANGUAGE_STANDARD = "gnu++20";
				CLANG_ENABLE_MODULES = YES;
				CLANG_ENABLE_OBJC_ARC = YES;
				CLANG_ENABLE_OBJC_WEAK = YES;
				CLANG_WARN_BLOCK_CAPTURE_AUTORELEASING = YES;
				CLANG_WARN_BOOL_CONVERSION = YES;
				CLANG_WARN_COMMA = YES;
				CLANG_WARN_CONSTANT_CONVERSION = YES;
				CLANG_WARN_DEPRECATED_OBJC_IMPLEMENTATIONS = YES;
				CLANG_WARN_DIRECT_OBJC_ISA_USAGE = YES_ERROR;
				CLANG_WARN_DOCUMENTATION_COMMENTS = YES;
				CLANG_WARN_EMPTY_BODY = YES;
				CLANG_WARN_ENUM_CONVERSION = YES;
				CLANG_WARN_INFINITE_RECURSION = YES;
				CLANG_WARN_INT_CONVERSION = YES;
				CLANG_WARN_NON_LITERAL_NULL_CONVERSION = YES;
				CLANG_WARN_OBJC_IMPLICIT_RETAIN_SELF = YES;
				CLANG_WARN_OBJC_LITERAL_CONVERSION = YES;
				CLANG_WARN_OBJC_ROOT_CLASS = YES_ERROR;
				CLANG_WARN_QUOTED_INCLUDE_IN_FRAMEWORK_HEADER = YES;
				CLANG_WARN_RANGE_LOOP_ANALYSIS = YES;
				CLANG_WARN_STRICT_PROTOTYPES = YES;
				CLANG_WARN_SUSPICIOUS_MOVE = YES;
				CLANG_WARN_UNGUARDED_AVAILABILITY = YES_AGGRESSIVE;
				CLANG_WARN_UNREACHABLE_CODE = YES;
				CLANG_WARN__DUPLICATE_METHOD_MATCH = YES;
				COPY_PHASE_STRIP = NO;
				DEBUG_INFORMATION_FORMAT = dwarf;
				ENABLE_STRICT_OBJC_MSGSEND = YES;
				ENABLE_TESTABILITY = YES;
				GCC_C_LANGUAGE_STANDARD = gnu11;
				GCC_DYNAMIC_NO_PIC = NO;
				GCC_NO_COMMON_BLOCKS = YES;
				GCC_OPTIMIZATION_LEVEL = 0;
				GCC_PREPROCESSOR_DEFINITIONS = (
					"DEBUG=1",
					"$(inherited)",
				);
				GCC_WARN_64_TO_32_BIT_CONVERSION = YES;
				GCC_WARN_ABOUT_RETURN_TYPE = YES_ERROR;
				GCC_WARN_UNDECLARED_SELECTOR = YES;
				GCC_WARN_UNINITIALIZED_AUTOS = YES_AGGRESSIVE;
				GCC_WARN_UNUSED_FUNCTION = YES;
				GCC_WARN_UNUSED_VARIABLE = YES;
				IPHONEOS_DEPLOYMENT_TARGET = 16.4;
				MTL_ENABLE_DEBUG_INFO = INCLUDE_SOURCE;
				MTL_FAST_MATH = YES;
				ONLY_ACTIVE_ARCH = YES;
				SDKROOT = iphoneos;
			};
			name = Debug;
		};
		F0860B5A2B21EBA20023FA0E /* Release */ = {
			isa = XCBuildConfiguration;
			buildSettings = {
				ALWAYS_SEARCH_USER_PATHS = NO;
				CLANG_ANALYZER_NONNULL = YES;
				CLANG_ANALYZER_NUMBER_OBJECT_CONVERSION = YES_AGGRESSIVE;
				CLANG_CXX_LANGUAGE_STANDARD = "gnu++20";
				CLANG_ENABLE_MODULES = YES;
				CLANG_ENABLE_OBJC_ARC = YES;
				CLANG_ENABLE_OBJC_WEAK = YES;
				CLANG_WARN_BLOCK_CAPTURE_AUTORELEASING = YES;
				CLANG_WARN_BOOL_CONVERSION = YES;
				CLANG_WARN_COMMA = YES;
				CLANG_WARN_CONSTANT_CONVERSION = YES;
				CLANG_WARN_DEPRECATED_OBJC_IMPLEMENTATIONS = YES;
				CLANG_WARN_DIRECT_OBJC_ISA_USAGE = YES_ERROR;
				CLANG_WARN_DOCUMENTATION_COMMENTS = YES;
				CLANG_WARN_EMPTY_BODY = YES;
				CLANG_WARN_ENUM_CONVERSION = YES;
				CLANG_WARN_INFINITE_RECURSION = YES;
				CLANG_WARN_INT_CONVERSION = YES;
				CLANG_WARN_NON_LITERAL_NULL_CONVERSION = YES;
				CLANG_WARN_OBJC_IMPLICIT_RETAIN_SELF = YES;
				CLANG_WARN_OBJC_LITERAL_CONVERSION = YES;
				CLANG_WARN_OBJC_ROOT_CLASS = YES_ERROR;
				CLANG_WARN_QUOTED_INCLUDE_IN_FRAMEWORK_HEADER = YES;
				CLANG_WARN_RANGE_LOOP_ANALYSIS = YES;
				CLANG_WARN_STRICT_PROTOTYPES = YES;
				CLANG_WARN_SUSPICIOUS_MOVE = YES;
				CLANG_WARN_UNGUARDED_AVAILABILITY = YES_AGGRESSIVE;
				CLANG_WARN_UNREACHABLE_CODE = YES;
				CLANG_WARN__DUPLICATE_METHOD_MATCH = YES;
				COPY_PHASE_STRIP = NO;
				DEBUG_INFORMATION_FORMAT = "dwarf-with-dsym";
				ENABLE_NS_ASSERTIONS = NO;
				ENABLE_STRICT_OBJC_MSGSEND = YES;
				GCC_C_LANGUAGE_STANDARD = gnu11;
				GCC_NO_COMMON_BLOCKS = YES;
				GCC_WARN_64_TO_32_BIT_CONVERSION = YES;
				GCC_WARN_ABOUT_RETURN_TYPE = YES_ERROR;
				GCC_WARN_UNDECLARED_SELECTOR = YES;
				GCC_WARN_UNINITIALIZED_AUTOS = YES_AGGRESSIVE;
				GCC_WARN_UNUSED_FUNCTION = YES;
				GCC_WARN_UNUSED_VARIABLE = YES;
				IPHONEOS_DEPLOYMENT_TARGET = 16.4;
				MTL_ENABLE_DEBUG_INFO = NO;
				MTL_FAST_MATH = YES;
				SDKROOT = iphoneos;
				VALIDATE_PRODUCT = YES;
			};
			name = Release;
		};
		F0860B5C2B21EBA20023FA0E /* Debug */ = {
			isa = XCBuildConfiguration;
			buildSettings = {
				ASSETCATALOG_COMPILER_APPICON_NAME = AppIcon;
				ASSETCATALOG_COMPILER_GLOBAL_ACCENT_COLOR_NAME = AccentColor;
				CODE_SIGN_STYLE = Automatic;
				CURRENT_PROJECT_VERSION = 1;
				DEVELOPMENT_TEAM = 5S4QSMZLCU;
				GENERATE_INFOPLIST_FILE = YES;
				INFOPLIST_FILE = ZRMonitorMethodTime/Info.plist;
				INFOPLIST_KEY_UIApplicationSupportsIndirectInputEvents = YES;
				INFOPLIST_KEY_UILaunchStoryboardName = LaunchScreen;
				INFOPLIST_KEY_UIMainStoryboardFile = Main;
				INFOPLIST_KEY_UISupportedInterfaceOrientations_iPad = "UIInterfaceOrientationPortrait UIInterfaceOrientationPortraitUpsideDown UIInterfaceOrientationLandscapeLeft UIInterfaceOrientationLandscapeRight";
				INFOPLIST_KEY_UISupportedInterfaceOrientations_iPhone = "UIInterfaceOrientationPortrait UIInterfaceOrientationLandscapeLeft UIInterfaceOrientationLandscapeRight";
				IPHONEOS_DEPLOYMENT_TARGET = 13.0;
				LD_RUNPATH_SEARCH_PATHS = (
					"$(inherited)",
					"@executable_path/Frameworks",
				);
				MARKETING_VERSION = 1.0;
				PRODUCT_BUNDLE_IDENTIFIER = com.agora.ZRMonitorMethodTime;
				PRODUCT_NAME = "$(TARGET_NAME)";
				SWIFT_EMIT_LOC_STRINGS = YES;
				TARGETED_DEVICE_FAMILY = "1,2";
			};
			name = Debug;
		};
		F0860B5D2B21EBA20023FA0E /* Release */ = {
			isa = XCBuildConfiguration;
			buildSettings = {
				ASSETCATALOG_COMPILER_APPICON_NAME = AppIcon;
				ASSETCATALOG_COMPILER_GLOBAL_ACCENT_COLOR_NAME = AccentColor;
				CODE_SIGN_STYLE = Automatic;
				CURRENT_PROJECT_VERSION = 1;
				DEVELOPMENT_TEAM = 5S4QSMZLCU;
				GENERATE_INFOPLIST_FILE = YES;
				INFOPLIST_FILE = ZRMonitorMethodTime/Info.plist;
				INFOPLIST_KEY_UIApplicationSupportsIndirectInputEvents = YES;
				INFOPLIST_KEY_UILaunchStoryboardName = LaunchScreen;
				INFOPLIST_KEY_UIMainStoryboardFile = Main;
				INFOPLIST_KEY_UISupportedInterfaceOrientations_iPad = "UIInterfaceOrientationPortrait UIInterfaceOrientationPortraitUpsideDown UIInterfaceOrientationLandscapeLeft UIInterfaceOrientationLandscapeRight";
				INFOPLIST_KEY_UISupportedInterfaceOrientations_iPhone = "UIInterfaceOrientationPortrait UIInterfaceOrientationLandscapeLeft UIInterfaceOrientationLandscapeRight";
				IPHONEOS_DEPLOYMENT_TARGET = 13.0;
				LD_RUNPATH_SEARCH_PATHS = (
					"$(inherited)",
					"@executable_path/Frameworks",
				);
				MARKETING_VERSION = 1.0;
				PRODUCT_BUNDLE_IDENTIFIER = com.agora.ZRMonitorMethodTime;
				PRODUCT_NAME = "$(TARGET_NAME)";
				SWIFT_EMIT_LOC_STRINGS = YES;
				TARGETED_DEVICE_FAMILY = "1,2";
			};
			name = Release;
		};
/* End XCBuildConfiguration section */

/* Begin XCConfigurationList section */
		F0860B3D2B21EBA10023FA0E /* Build configuration list for PBXProject "ZRMonitorMethodTime" */ = {
			isa = XCConfigurationList;
			buildConfigurations = (
				F0860B592B21EBA20023FA0E /* Debug */,
				F0860B5A2B21EBA20023FA0E /* Release */,
			);
			defaultConfigurationIsVisible = 0;
			defaultConfigurationName = Release;
		};
		F0860B5B2B21EBA20023FA0E /* Build configuration list for PBXNativeTarget "ZRMonitorMethodTime" */ = {
			isa = XCConfigurationList;
			buildConfigurations = (
				F0860B5C2B21EBA20023FA0E /* Debug */,
				F0860B5D2B21EBA20023FA0E /* Release */,
			);
			defaultConfigurationIsVisible = 0;
			defaultConfigurationName = Release;
		};
/* End XCConfigurationList section */
	};
	rootObject = F0860B3A2B21EBA10023FA0E /* Project object */;
}
